
Microsoft Visual Studio Solution File, Format Version 12.00
# Visual Studio Version 17
VisualStudioVersion = 17.5.33516.290
MinimumVisualStudioVersion = 10.0.40219.1
Project("{FAE04EC0-301F-11D3-BF4B-00C04F79EFBC}") = "backend", "backend.csproj", "{705CABA0-8B54-4CD8-A4AD-78A4FA71265F}"
EndProject
Global
	GlobalSection(SolutionConfigurationPlatforms) = preSolution
		Debug|Any CPU = Debug|Any CPU
		Release|Any CPU = Release|Any CPU
	EndGlobalSection
	GlobalSection(ProjectConfigurationPlatforms) = postSolution
		{705CABA0-8B54-4CD8-A4AD-78A4FA71265F}.Debug|Any CPU.ActiveCfg = Debug|Any CPU
		{705CABA0-8B54-4CD8-A4AD-78A4FA71265F}.Debug|Any CPU.Build.0 = Debug|Any CPU
		{705CABA0-8B54-4CD8-A4AD-78A4FA71265F}.Release|Any CPU.ActiveCfg = Release|Any CPU
		{705CABA0-8B54-4CD8-A4AD-78A4FA71265F}.Release|Any CPU.Build.0 = Release|Any CPU
	EndGlobalSection
	GlobalSection(SolutionProperties) = preSolution
		HideSolutionNode = FALSE
	EndGlobalSection
	GlobalSection(ExtensibilityGlobals) = postSolution
		SolutionGuid = {E7FDFC26-C683-4A4F-A3C1-E26C46A5C0CE}
	EndGlobalSection
EndGlobal
